// !$*UTF8*$!
{
	archiveVersion = 1;
	classes = {
	};
	objectVersion = 48;
	objects = {

/* Begin PBXBuildFile section */
		1E646CEA203C7E80007A8FB5 /* AppDelegate.swift in Sources */ = {isa = PBXBuildFile; fileRef = 1E646CE9203C7E80007A8FB5 /* AppDelegate.swift */; };
		1E646CEF203C7E80007A8FB5 /* Main.storyboard in Resources */ = {isa = PBXBuildFile; fileRef = 1E646CED203C7E80007A8FB5 /* Main.storyboard */; };
		1E646CF1203C7E80007A8FB5 /* Assets.xcassets in Resources */ = {isa = PBXBuildFile; fileRef = 1E646CF0203C7E80007A8FB5 /* Assets.xcassets */; };
		1E646CF4203C7E80007A8FB5 /* LaunchScreen.storyboard in Resources */ = {isa = PBXBuildFile; fileRef = 1E646CF2203C7E80007A8FB5 /* LaunchScreen.storyboard */; };
		1E646CFD203C7FAC007A8FB5 /* Audio.swift in Sources */ = {isa = PBXBuildFile; fileRef = 1E646CFC203C7FAC007A8FB5 /* Audio.swift */; };
		1E646D00203C7FC3007A8FB5 /* Call.swift in Sources */ = {isa = PBXBuildFile; fileRef = 1E646CFF203C7FC3007A8FB5 /* Call.swift */; };
		1E646D02203C7FD6007A8FB5 /* CallManager.swift in Sources */ = {isa = PBXBuildFile; fileRef = 1E646D01203C7FD6007A8FB5 /* CallManager.swift */; };
		1E646D04203C8002007A8FB5 /* ProviderDelegate.swift in Sources */ = {isa = PBXBuildFile; fileRef = 1E646D03203C8002007A8FB5 /* ProviderDelegate.swift */; };
		1E646D06203C801D007A8FB5 /* CallTableViewCell.swift in Sources */ = {isa = PBXBuildFile; fileRef = 1E646D05203C801D007A8FB5 /* CallTableViewCell.swift */; };
		1E646D09203C8048007A8FB5 /* CallsViewController.swift in Sources */ = {isa = PBXBuildFile; fileRef = 1E646D08203C8048007A8FB5 /* CallsViewController.swift */; };
		1E646D0B203C805B007A8FB5 /* NewCallViewController.swift in Sources */ = {isa = PBXBuildFile; fileRef = 1E646D0A203C805B007A8FB5 /* NewCallViewController.swift */; };
		1E646D23203C814F007A8FB5 /* CallDirectoryHandler.swift in Sources */ = {isa = PBXBuildFile; fileRef = 1E646D22203C814F007A8FB5 /* CallDirectoryHandler.swift */; };
		1E646D27203C814F007A8FB5 /* CallDirectoryHandler.appex in Embed App Extensions */ = {isa = PBXBuildFile; fileRef = 1E646D20203C814F007A8FB5 /* CallDirectoryHandler.appex */; settings = {ATTRIBUTES = (RemoveHeadersOnCopy, ); }; };
/* End PBXBuildFile section */

/* Begin PBXContainerItemProxy section */
		1E646D25203C814F007A8FB5 /* PBXContainerItemProxy */ = {
			isa = PBXContainerItemProxy;
			containerPortal = 1E646CDE203C7E80007A8FB5 /* Project object */;
			proxyType = 1;
			remoteGlobalIDString = 1E646D1F203C814F007A8FB5;
			remoteInfo = CallDirectoryHandler;
		};
/* End PBXContainerItemProxy section */

/* Begin PBXCopyFilesBuildPhase section */
		1E646D2B203C814F007A8FB5 /* Embed App Extensions */ = {
			isa = PBXCopyFilesBuildPhase;
			buildActionMask = 2147483647;
			dstPath = "";
			dstSubfolderSpec = 13;
			files = (
				1E646D27203C814F007A8FB5 /* CallDirectoryHandler.appex in Embed App Extensions */,
			);
			name = "Embed App Extensions";
			runOnlyForDeploymentPostprocessing = 0;
		};
/* End PBXCopyFilesBuildPhase section */

/* Begin PBXFileReference section */
		1E646CE6203C7E80007A8FB5 /* CallkitExample.app */ = {isa = PBXFileReference; explicitFileType = wrapper.application; includeInIndex = 0; path = CallkitExample.app; sourceTree = BUILT_PRODUCTS_DIR; };
		1E646CE9203C7E80007A8FB5 /* AppDelegate.swift */ = {isa = PBXFileReference; lastKnownFileType = sourcecode.swift; path = AppDelegate.swift; sourceTree = "<group>"; };
		1E646CEE203C7E80007A8FB5 /* Base */ = {isa = PBXFileReference; lastKnownFileType = file.storyboard; name = Base; path = Base.lproj/Main.storyboard; sourceTree = "<group>"; };
		1E646CF0203C7E80007A8FB5 /* Assets.xcassets */ = {isa = PBXFileReference; lastKnownFileType = folder.assetcatalog; path = Assets.xcassets; sourceTree = "<group>"; };
		1E646CF3203C7E80007A8FB5 /* Base */ = {isa = PBXFileReference; lastKnownFileType = file.storyboard; name = Base; path = Base.lproj/LaunchScreen.storyboard; sourceTree = "<group>"; };
		1E646CF5203C7E80007A8FB5 /* Info.plist */ = {isa = PBXFileReference; lastKnownFileType = text.plist.xml; path = Info.plist; sourceTree = "<group>"; };
		1E646CFC203C7FAC007A8FB5 /* Audio.swift */ = {isa = PBXFileReference; lastKnownFileType = sourcecode.swift; path = Audio.swift; sourceTree = "<group>"; };
		1E646CFF203C7FC3007A8FB5 /* Call.swift */ = {isa = PBXFileReference; lastKnownFileType = sourcecode.swift; path = Call.swift; sourceTree = "<group>"; };
		1E646D01203C7FD6007A8FB5 /* CallManager.swift */ = {isa = PBXFileReference; lastKnownFileType = sourcecode.swift; path = CallManager.swift; sourceTree = "<group>"; };
		1E646D03203C8002007A8FB5 /* ProviderDelegate.swift */ = {isa = PBXFileReference; lastKnownFileType = sourcecode.swift; path = ProviderDelegate.swift; sourceTree = "<group>"; };
		1E646D05203C801D007A8FB5 /* CallTableViewCell.swift */ = {isa = PBXFileReference; lastKnownFileType = sourcecode.swift; path = CallTableViewCell.swift; sourceTree = "<group>"; };
		1E646D08203C8048007A8FB5 /* CallsViewController.swift */ = {isa = PBXFileReference; lastKnownFileType = sourcecode.swift; path = CallsViewController.swift; sourceTree = "<group>"; };
		1E646D0A203C805B007A8FB5 /* NewCallViewController.swift */ = {isa = PBXFileReference; lastKnownFileType = sourcecode.swift; path = NewCallViewController.swift; sourceTree = "<group>"; };
		1E646D20203C814F007A8FB5 /* CallDirectoryHandler.appex */ = {isa = PBXFileReference; explicitFileType = "wrapper.app-extension"; includeInIndex = 0; path = CallDirectoryHandler.appex; sourceTree = BUILT_PRODUCTS_DIR; };
		1E646D22203C814F007A8FB5 /* CallDirectoryHandler.swift */ = {isa = PBXFileReference; lastKnownFileType = sourcecode.swift; path = CallDirectoryHandler.swift; sourceTree = "<group>"; };
		1E646D24203C814F007A8FB5 /* Info.plist */ = {isa = PBXFileReference; lastKnownFileType = text.plist.xml; path = Info.plist; sourceTree = "<group>"; };
/* End PBXFileReference section */

/* Begin PBXFrameworksBuildPhase section */
		1E646CE3203C7E80007A8FB5 /* Frameworks */ = {
			isa = PBXFrameworksBuildPhase;
			buildActionMask = 2147483647;
			files = (
			);
			runOnlyForDeploymentPostprocessing = 0;
		};
		1E646D1D203C814F007A8FB5 /* Frameworks */ = {
			isa = PBXFrameworksBuildPhase;
			buildActionMask = 2147483647;
			files = (
			);
			runOnlyForDeploymentPostprocessing = 0;
		};
/* End PBXFrameworksBuildPhase section */

/* Begin PBXGroup section */
		1E646CDD203C7E80007A8FB5 = {
			isa = PBXGroup;
			children = (
				1E646CE8203C7E80007A8FB5 /* CallkitExample */,
				1E646D21203C814F007A8FB5 /* CallDirectoryHandler */,
				1E646CE7203C7E80007A8FB5 /* Products */,
			);
			sourceTree = "<group>";
		};
		1E646CE7203C7E80007A8FB5 /* Products */ = {
			isa = PBXGroup;
			children = (
				1E646CE6203C7E80007A8FB5 /* CallkitExample.app */,
				1E646D20203C814F007A8FB5 /* CallDirectoryHandler.appex */,
			);
			name = Products;
			sourceTree = "<group>";
		};
		1E646CE8203C7E80007A8FB5 /* CallkitExample */ = {
			isa = PBXGroup;
			children = (
				1E646D07203C802F007A8FB5 /* UI */,
				1E646CFE203C7FB7007A8FB5 /* Call Manager */,
				1E646CFB203C7F95007A8FB5 /* Audio */,
				1E646CE9203C7E80007A8FB5 /* AppDelegate.swift */,
				1E646D03203C8002007A8FB5 /* ProviderDelegate.swift */,
				1E646CED203C7E80007A8FB5 /* Main.storyboard */,
				1E646CF0203C7E80007A8FB5 /* Assets.xcassets */,
				1E646CF2203C7E80007A8FB5 /* LaunchScreen.storyboard */,
				1E646CF5203C7E80007A8FB5 /* Info.plist */,
			);
			path = CallkitExample;
			sourceTree = "<group>";
		};
		1E646CFB203C7F95007A8FB5 /* Audio */ = {
			isa = PBXGroup;
			children = (
				1E646CFC203C7FAC007A8FB5 /* Audio.swift */,
			);
			path = Audio;
			sourceTree = "<group>";
		};
		1E646CFE203C7FB7007A8FB5 /* Call Manager */ = {
			isa = PBXGroup;
			children = (
				1E646CFF203C7FC3007A8FB5 /* Call.swift */,
				1E646D01203C7FD6007A8FB5 /* CallManager.swift */,
			);
			path = "Call Manager";
			sourceTree = "<group>";
		};
		1E646D07203C802F007A8FB5 /* UI */ = {
			isa = PBXGroup;
			children = (
				1E646D05203C801D007A8FB5 /* CallTableViewCell.swift */,
				1E646D08203C8048007A8FB5 /* CallsViewController.swift */,
				1E646D0A203C805B007A8FB5 /* NewCallViewController.swift */,
			);
			path = UI;
			sourceTree = "<group>";
		};
		1E646D21203C814F007A8FB5 /* CallDirectoryHandler */ = {
			isa = PBXGroup;
			children = (
				1E646D22203C814F007A8FB5 /* CallDirectoryHandler.swift */,
				1E646D24203C814F007A8FB5 /* Info.plist */,
			);
			path = CallDirectoryHandler;
			sourceTree = "<group>";
		};
/* End PBXGroup section */

/* Begin PBXNativeTarget section */
		1E646CE5203C7E80007A8FB5 /* CallkitExample */ = {
			isa = PBXNativeTarget;
			buildConfigurationList = 1E646CF8203C7E80007A8FB5 /* Build configuration list for PBXNativeTarget "CallkitExample" */;
			buildPhases = (
				1E646CE2203C7E80007A8FB5 /* Sources */,
				1E646CE3203C7E80007A8FB5 /* Frameworks */,
				1E646CE4203C7E80007A8FB5 /* Resources */,
				1E646D2B203C814F007A8FB5 /* Embed App Extensions */,
			);
			buildRules = (
			);
			dependencies = (
				1E646D26203C814F007A8FB5 /* PBXTargetDependency */,
			);
			name = CallkitExample;
			productName = CallkitExample;
			productReference = 1E646CE6203C7E80007A8FB5 /* CallkitExample.app */;
			productType = "com.apple.product-type.application";
		};
		1E646D1F203C814F007A8FB5 /* CallDirectoryHandler */ = {
			isa = PBXNativeTarget;
			buildConfigurationList = 1E646D28203C814F007A8FB5 /* Build configuration list for PBXNativeTarget "CallDirectoryHandler" */;
			buildPhases = (
				1E646D1C203C814F007A8FB5 /* Sources */,
				1E646D1D203C814F007A8FB5 /* Frameworks */,
				1E646D1E203C814F007A8FB5 /* Resources */,
			);
			buildRules = (
			);
			dependencies = (
			);
			name = CallDirectoryHandler;
			productName = CallDirectoryHandler;
			productReference = 1E646D20203C814F007A8FB5 /* CallDirectoryHandler.appex */;
			productType = "com.apple.product-type.app-extension";
		};
/* End PBXNativeTarget section */

/* Begin PBXProject section */
		1E646CDE203C7E80007A8FB5 /* Project object */ = {
			isa = PBXProject;
			attributes = {
				LastSwiftUpdateCheck = 0920;
				LastUpgradeCheck = 0920;
				ORGANIZATIONNAME = Mobdev125;
				TargetAttributes = {
					1E646CE5203C7E80007A8FB5 = {
						CreatedOnToolsVersion = 9.2;
						ProvisioningStyle = Automatic;
					};
					1E646D1F203C814F007A8FB5 = {
						CreatedOnToolsVersion = 9.2;
						ProvisioningStyle = Automatic;
					};
				};
			};
			buildConfigurationList = 1E646CE1203C7E80007A8FB5 /* Build configuration list for PBXProject "CallkitExample" */;
			compatibilityVersion = "Xcode 8.0";
			developmentRegion = en;
			hasScannedForEncodings = 0;
			knownRegions = (
				en,
				Base,
			);
			mainGroup = 1E646CDD203C7E80007A8FB5;
			productRefGroup = 1E646CE7203C7E80007A8FB5 /* Products */;
			projectDirPath = "";
			projectRoot = "";
			targets = (
				1E646CE5203C7E80007A8FB5 /* CallkitExample */,
				1E646D1F203C814F007A8FB5 /* CallDirectoryHandler */,
			);
		};
/* End PBXProject section */

/* Begin PBXResourcesBuildPhase section */
		1E646CE4203C7E80007A8FB5 /* Resources */ = {
			isa = PBXResourcesBuildPhase;
			buildActionMask = 2147483647;
			files = (
				1E646CF4203C7E80007A8FB5 /* LaunchScreen.storyboard in Resources */,
				1E646CF1203C7E80007A8FB5 /* Assets.xcassets in Resources */,
				1E646CEF203C7E80007A8FB5 /* Main.storyboard in Resources */,
			);
			runOnlyForDeploymentPostprocessing = 0;
		};
		1E646D1E203C814F007A8FB5 /* Resources */ = {
			isa = PBXResourcesBuildPhase;
			buildActionMask = 2147483647;
			files = (
			);
			runOnlyForDeploymentPostprocessing = 0;
		};
/* End PBXResourcesBuildPhase section */

/* Begin PBXSourcesBuildPhase section */
		1E646CE2203C7E80007A8FB5 /* Sources */ = {
			isa = PBXSourcesBuildPhase;
			buildActionMask = 2147483647;
			files = (
				1E646D0B203C805B007A8FB5 /* NewCallViewController.swift in Sources */,
				1E646D06203C801D007A8FB5 /* CallTableViewCell.swift in Sources */,
				1E646CFD203C7FAC007A8FB5 /* Audio.swift in Sources */,
				1E646D09203C8048007A8FB5 /* CallsViewController.swift in Sources */,
				1E646D00203C7FC3007A8FB5 /* Call.swift in Sources */,
				1E646D04203C8002007A8FB5 /* ProviderDelegate.swift in Sources */,
				1E646CEA203C7E80007A8FB5 /* AppDelegate.swift in Sources */,
				1E646D02203C7FD6007A8FB5 /* CallManager.swift in Sources */,
			);
			runOnlyForDeploymentPostprocessing = 0;
		};
		1E646D1C203C814F007A8FB5 /* Sources */ = {
			isa = PBXSourcesBuildPhase;
			buildActionMask = 2147483647;
			files = (
				1E646D23203C814F007A8FB5 /* CallDirectoryHandler.swift in Sources */,
			);
			runOnlyForDeploymentPostprocessing = 0;
		};
/* End PBXSourcesBuildPhase section */

/* Begin PBXTargetDependency section */
		1E646D26203C814F007A8FB5 /* PBXTargetDependency */ = {
			isa = PBXTargetDependency;
			target = 1E646D1F203C814F007A8FB5 /* CallDirectoryHandler */;
			targetProxy = 1E646D25203C814F007A8FB5 /* PBXContainerItemProxy */;
		};
/* End PBXTargetDependency section */

/* Begin PBXVariantGroup section */
		1E646CED203C7E80007A8FB5 /* Main.storyboard */ = {
			isa = PBXVariantGroup;
			children = (
				1E646CEE203C7E80007A8FB5 /* Base */,
			);
			name = Main.storyboard;
			sourceTree = "<group>";
		};
		1E646CF2203C7E80007A8FB5 /* LaunchScreen.storyboard */ = {
			isa = PBXVariantGroup;
			children = (
				1E646CF3203C7E80007A8FB5 /* Base */,
			);
			name = LaunchScreen.storyboard;
			sourceTree = "<group>";
		};
/* End PBXVariantGroup section */

/* Begin XCBuildConfiguration section */
		1E646CF6203C7E80007A8FB5 /* Debug */ = {
			isa = XCBuildConfiguration;
			buildSettings = {
				ALWAYS_SEARCH_USER_PATHS = NO;
				CLANG_ANALYZER_NONNULL = YES;
				CLANG_ANALYZER_NUMBER_OBJECT_CONVERSION = YES_AGGRESSIVE;
				CLANG_CXX_LANGUAGE_STANDARD = "gnu++14";
				CLANG_CXX_LIBRARY = "libc++";
				CLANG_ENABLE_MODULES = YES;
				CLANG_ENABLE_OBJC_ARC = YES;
				CLANG_WARN_BLOCK_CAPTURE_AUTORELEASING = YES;
				CLANG_WARN_BOOL_CONVERSION = YES;
				CLANG_WARN_COMMA = YES;
				CLANG_WARN_CONSTANT_CONVERSION = YES;
				CLANG_WARN_DIRECT_OBJC_ISA_USAGE = YES_ERROR;
				CLANG_WARN_DOCUMENTATION_COMMENTS = YES;
				CLANG_WARN_EMPTY_BODY = YES;
				CLANG_WARN_ENUM_CONVERSION = YES;
				CLANG_WARN_INFINITE_RECURSION = YES;
				CLANG_WARN_INT_CONVERSION = YES;
				CLANG_WARN_NON_LITERAL_NULL_CONVERSION = YES;
				CLANG_WARN_OBJC_LITERAL_CONVERSION = YES;
				CLANG_WARN_OBJC_ROOT_CLASS = YES_ERROR;
				CLANG_WARN_RANGE_LOOP_ANALYSIS = YES;
				CLANG_WARN_STRICT_PROTOTYPES = YES;
				CLANG_WARN_SUSPICIOUS_MOVE = YES;
				CLANG_WARN_UNGUARDED_AVAILABILITY = YES_AGGRESSIVE;
				CLANG_WARN_UNREACHABLE_CODE = YES;
				CLANG_WARN__DUPLICATE_METHOD_MATCH = YES;
				CODE_SIGN_IDENTITY = "iPhone Developer";
				COPY_PHASE_STRIP = NO;
				DEBUG_INFORMATION_FORMAT = dwarf;
				ENABLE_STRICT_OBJC_MSGSEND = YES;
				ENABLE_TESTABILITY = YES;
				GCC_C_LANGUAGE_STANDARD = gnu11;
				GCC_DYNAMIC_NO_PIC = NO;
				GCC_NO_COMMON_BLOCKS = YES;
				GCC_OPTIMIZATION_LEVEL = 0;
				GCC_PREPROCESSOR_DEFINITIONS = (
					"DEBUG=1",
					"$(inherited)",
				);
				GCC_WARN_64_TO_32_BIT_CONVERSION = YES;
				GCC_WARN_ABOUT_RETURN_TYPE = YES_ERROR;
				GCC_WARN_UNDECLARED_SELECTOR = YES;
				GCC_WARN_UNINITIALIZED_AUTOS = YES_AGGRESSIVE;
				GCC_WARN_UNUSED_FUNCTION = YES;
				GCC_WARN_UNUSED_VARIABLE = YES;
				IPHONEOS_DEPLOYMENT_TARGET = 11.2;
				MTL_ENABLE_DEBUG_INFO = YES;
				ONLY_ACTIVE_ARCH = YES;
				SDKROOT = iphoneos;
				SWIFT_ACTIVE_COMPILATION_CONDITIONS = DEBUG;
				SWIFT_OPTIMIZATION_LEVEL = "-Onone";
			};
			name = Debug;
		};
		1E646CF7203C7E80007A8FB5 /* Release */ = {
			isa = XCBuildConfiguration;
			buildSettings = {
				ALWAYS_SEARCH_USER_PATHS = NO;
				CLANG_ANALYZER_NONNULL = YES;
				CLANG_ANALYZER_NUMBER_OBJECT_CONVERSION = YES_AGGRESSIVE;
				CLANG_CXX_LANGUAGE_STANDARD = "gnu++14";
				CLANG_CXX_LIBRARY = "libc++";
				CLANG_ENABLE_MODULES = YES;
				CLANG_ENABLE_OBJC_ARC = YES;
				CLANG_WARN_BLOCK_CAPTURE_AUTORELEASING = YES;
				CLANG_WARN_BOOL_CONVERSION = YES;
				CLANG_WARN_COMMA = YES;
				CLANG_WARN_CONSTANT_CONVERSION = YES;
				CLANG_WARN_DIRECT_OBJC_ISA_USAGE = YES_ERROR;
				CLANG_WARN_DOCUMENTATION_COMMENTS = YES;
				CLANG_WARN_EMPTY_BODY = YES;
				CLANG_WARN_ENUM_CONVERSION = YES;
				CLANG_WARN_INFINITE_RECURSION = YES;
				CLANG_WARN_INT_CONVERSION = YES;
				CLANG_WARN_NON_LITERAL_NULL_CONVERSION = YES;
				CLANG_WARN_OBJC_LITERAL_CONVERSION = YES;
				CLANG_WARN_OBJC_ROOT_CLASS = YES_ERROR;
				CLANG_WARN_RANGE_LOOP_ANALYSIS = YES;
				CLANG_WARN_STRICT_PROTOTYPES = YES;
				CLANG_WARN_SUSPICIOUS_MOVE = YES;
				CLANG_WARN_UNGUARDED_AVAILABILITY = YES_AGGRESSIVE;
				CLANG_WARN_UNREACHABLE_CODE = YES;
				CLANG_WARN__DUPLICATE_METHOD_MATCH = YES;
				CODE_SIGN_IDENTITY = "iPhone Developer";
				COPY_PHASE_STRIP = NO;
				DEBUG_INFORMATION_FORMAT = "dwarf-with-dsym";
				ENABLE_NS_ASSERTIONS = NO;
				ENABLE_STRICT_OBJC_MSGSEND = YES;
				GCC_C_LANGUAGE_STANDARD = gnu11;
				GCC_NO_COMMON_BLOCKS = YES;
				GCC_WARN_64_TO_32_BIT_CONVERSION = YES;
				GCC_WARN_ABOUT_RETURN_TYPE = YES_ERROR;
				GCC_WARN_UNDECLARED_SELECTOR = YES;
				GCC_WARN_UNINITIALIZED_AUTOS = YES_AGGRESSIVE;
				GCC_WARN_UNUSED_FUNCTION = YES;
				GCC_WARN_UNUSED_VARIABLE = YES;
				IPHONEOS_DEPLOYMENT_TARGET = 11.2;
				MTL_ENABLE_DEBUG_INFO = NO;
				SDKROOT = iphoneos;
				SWIFT_OPTIMIZATION_LEVEL = "-Owholemodule";
				VALIDATE_PRODUCT = YES;
			};
			name = Release;
		};
		1E646CF9203C7E80007A8FB5 /* Debug */ = {
			isa = XCBuildConfiguration;
			buildSettings = {
				ALWAYS_EMBED_SWIFT_STANDARD_LIBRARIES = YES;
				ASSETCATALOG_COMPILER_APPICON_NAME = AppIcon;
				CODE_SIGN_STYLE = Automatic;
				DEVELOPMENT_TEAM = 4XH8GBZFWJ;
				INFOPLIST_FILE = CallkitExample/Info.plist;
				LD_RUNPATH_SEARCH_PATHS = "$(inherited) @executable_path/Frameworks";
				PRODUCT_BUNDLE_IDENTIFIER = com.mobdev.CallkitExample;
				PRODUCT_NAME = "$(TARGET_NAME)";
				SWIFT_VERSION = 4.0;
				TARGETED_DEVICE_FAMILY = "1,2";
			};
			name = Debug;
		};
		1E646CFA203C7E80007A8FB5 /* Release */ = {
			isa = XCBuildConfiguration;
			buildSettings = {
				ALWAYS_EMBED_SWIFT_STANDARD_LIBRARIES = YES;
				ASSETCATALOG_COMPILER_APPICON_NAME = AppIcon;
				CODE_SIGN_STYLE = Automatic;
				DEVELOPMENT_TEAM = 4XH8GBZFWJ;
				INFOPLIST_FILE = CallkitExample/Info.plist;
				LD_RUNPATH_SEARCH_PATHS = "$(inherited) @executable_path/Frameworks";
				PRODUCT_BUNDLE_IDENTIFIER = com.mobdev.CallkitExample;
				PRODUCT_NAME = "$(TARGET_NAME)";
				SWIFT_VERSION = 4.0;
				TARGETED_DEVICE_FAMILY = "1,2";
			};
			name = Release;
		};
		1E646D29203C814F007A8FB5 /* Debug */ = {
			isa = XCBuildConfiguration;
			buildSettings = {
				ARCHS = "$(ARCHS_STANDARD_64_BIT)";
				CODE_SIGN_STYLE = Automatic;
				DEVELOPMENT_TEAM = 4XH8GBZFWJ;
				INFOPLIST_FILE = CallDirectoryHandler/Info.plist;
				LD_RUNPATH_SEARCH_PATHS = "$(inherited) @executable_path/Frameworks @executable_path/../../Frameworks";
				PRODUCT_BUNDLE_IDENTIFIER = com.mobdev.CallkitExample.CallDirectoryHandler;
				PRODUCT_NAME = "$(TARGET_NAME)";
				SKIP_INSTALL = YES;
				SWIFT_VERSION = 4.0;
				TARGETED_DEVICE_FAMILY = "1,2";
			};
			name = Debug;
		};
		1E646D2A203C814F007A8FB5 /* Release */ = {
			isa = XCBuildConfiguration;
			buildSettings = {
				ARCHS = "$(ARCHS_STANDARD_64_BIT)";
				CODE_SIGN_STYLE = Automatic;
				DEVELOPMENT_TEAM = 4XH8GBZFWJ;
				INFOPLIST_FILE = CallDirectoryHandler/Info.plist;
				LD_RUNPATH_SEARCH_PATHS = "$(inherited) @executable_path/Frameworks @executable_path/../../Frameworks";
				PRODUCT_BUNDLE_IDENTIFIER = com.mobdev.CallkitExample.CallDirectoryHandler;
				PRODUCT_NAME = "$(TARGET_NAME)";
				SKIP_INSTALL = YES;
				SWIFT_VERSION = 4.0;
				TARGETED_DEVICE_FAMILY = "1,2";
			};
			name = Release;
		};
/* End XCBuildConfiguration section */

/* Begin XCConfigurationList section */
		1E646CE1203C7E80007A8FB5 /* Build configuration list for PBXProject "CallkitExample" */ = {
			isa = XCConfigurationList;
			buildConfigurations = (
				1E646CF6203C7E80007A8FB5 /* Debug */,
				1E646CF7203C7E80007A8FB5 /* Release */,
			);
			defaultConfigurationIsVisible = 0;
			defaultConfigurationName = Release;
		};
		1E646CF8203C7E80007A8FB5 /* Build configuration list for PBXNativeTarget "CallkitExample" */ = {
			isa = XCConfigurationList;
			buildConfigurations = (
				1E646CF9203C7E80007A8FB5 /* Debug */,
				1E646CFA203C7E80007A8FB5 /* Release */,
			);
			defaultConfigurationIsVisible = 0;
			defaultConfigurationName = Release;
		};
		1E646D28203C814F007A8FB5 /* Build configuration list for PBXNativeTarget "CallDirectoryHandler" */ = {
			isa = XCConfigurationList;
			buildConfigurations = (
				1E646D29203C814F007A8FB5 /* Debug */,
				1E646D2A203C814F007A8FB5 /* Release */,
			);
			defaultConfigurationIsVisible = 0;
			defaultConfigurationName = Release;
		};
/* End XCConfigurationList section */
	};
	rootObject = 1E646CDE203C7E80007A8FB5 /* Project object */;
}
